
Microsoft Visual Studio Solution File, Format Version 12.00
# Visual Studio Version 17
VisualStudioVersion = 17.5.33530.505
MinimumVisualStudioVersion = 10.0.40219.1
Project("{9A19103F-16F7-4668-BE54-9A1E7A4F7556}") = "SuperShop.Web", "SuperShop.Web\SuperShop.Web.csproj", "{2114293E-0AC3-46B9-9876-1EE8A19A3369}"
EndProject
Project("{FAE04EC0-301F-11D3-BF4B-00C04F79EFBC}") = "SuperShop.Prism", "SuperShop.Prism\SuperShop.Prism\SuperShop.Prism.csproj", "{25C6D617-8AA5-4EDB-8ADE-63D02D6200AA}"
EndProject
Project("{FAE04EC0-301F-11D3-BF4B-00C04F79EFBC}") = "SuperShop.Prism.Android", "SuperShop.Prism\SuperShop.Prism.Android\SuperShop.Prism.Android.csproj", "{820382EF-D761-477B-89AF-4B99FF701BFD}"
EndProject
Project("{FAE04EC0-301F-11D3-BF4B-00C04F79EFBC}") = "SuperShop.Prism.iOS", "SuperShop.Prism\SuperShop.Prism.iOS\SuperShop.Prism.iOS.csproj", "{8326D3DA-DC46-4706-8B2A-BCE382266750}"
EndProject
Global
	GlobalSection(SolutionConfigurationPlatforms) = preSolution
		Ad-Hoc|Any CPU = Ad-Hoc|Any CPU
		Ad-Hoc|iPhone = Ad-Hoc|iPhone
		Ad-Hoc|iPhoneSimulator = Ad-Hoc|iPhoneSimulator
		AppStore|Any CPU = AppStore|Any CPU
		AppStore|iPhone = AppStore|iPhone
		AppStore|iPhoneSimulator = AppStore|iPhoneSimulator
		Debug|Any CPU = Debug|Any CPU
		Debug|iPhone = Debug|iPhone
		Debug|iPhoneSimulator = Debug|iPhoneSimulator
		Release|Any CPU = Release|Any CPU
		Release|iPhone = Release|iPhone
		Release|iPhoneSimulator = Release|iPhoneSimulator
	EndGlobalSection
	GlobalSection(ProjectConfigurationPlatforms) = postSolution
		{2114293E-0AC3-46B9-9876-1EE8A19A3369}.Ad-Hoc|Any CPU.ActiveCfg = Release|Any CPU
		{2114293E-0AC3-46B9-9876-1EE8A19A3369}.Ad-Hoc|Any CPU.Build.0 = Release|Any CPU
		{2114293E-0AC3-46B9-9876-1EE8A19A3369}.Ad-Hoc|iPhone.ActiveCfg = Release|Any CPU
		{2114293E-0AC3-46B9-9876-1EE8A19A3369}.Ad-Hoc|iPhone.Build.0 = Release|Any CPU
		{2114293E-0AC3-46B9-9876-1EE8A19A3369}.Ad-Hoc|iPhoneSimulator.ActiveCfg = Release|Any CPU
		{2114293E-0AC3-46B9-9876-1EE8A19A3369}.Ad-Hoc|iPhoneSimulator.Build.0 = Release|Any CPU
		{2114293E-0AC3-46B9-9876-1EE8A19A3369}.AppStore|Any CPU.ActiveCfg = Release|Any CPU
		{2114293E-0AC3-46B9-9876-1EE8A19A3369}.AppStore|Any CPU.Build.0 = Release|Any CPU
		{2114293E-0AC3-46B9-9876-1EE8A19A3369}.AppStore|iPhone.ActiveCfg = Release|Any CPU
		{2114293E-0AC3-46B9-9876-1EE8A19A3369}.AppStore|iPhone.Build.0 = Release|Any CPU
		{2114293E-0AC3-46B9-9876-1EE8A19A3369}.AppStore|iPhoneSimulator.ActiveCfg = Release|Any CPU
		{2114293E-0AC3-46B9-9876-1EE8A19A3369}.AppStore|iPhoneSimulator.Build.0 = Release|Any CPU
		{2114293E-0AC3-46B9-9876-1EE8A19A3369}.Debug|Any CPU.ActiveCfg = Debug|Any CPU
		{2114293E-0AC3-46B9-9876-1EE8A19A3369}.Debug|Any CPU.Build.0 = Debug|Any CPU
		{2114293E-0AC3-46B9-9876-1EE8A19A3369}.Debug|iPhone.ActiveCfg = Debug|Any CPU
		{2114293E-0AC3-46B9-9876-1EE8A19A3369}.Debug|iPhone.Build.0 = Debug|Any CPU
		{2114293E-0AC3-46B9-9876-1EE8A19A3369}.Debug|iPhoneSimulator.ActiveCfg = Debug|Any CPU
		{2114293E-0AC3-46B9-9876-1EE8A19A3369}.Debug|iPhoneSimulator.Build.0 = Debug|Any CPU
		{2114293E-0AC3-46B9-9876-1EE8A19A3369}.Release|Any CPU.ActiveCfg = Release|Any CPU
		{2114293E-0AC3-46B9-9876-1EE8A19A3369}.Release|Any CPU.Build.0 = Release|Any CPU
		{2114293E-0AC3-46B9-9876-1EE8A19A3369}.Release|iPhone.ActiveCfg = Release|Any CPU
		{2114293E-0AC3-46B9-9876-1EE8A19A3369}.Release|iPhone.Build.0 = Release|Any CPU
		{2114293E-0AC3-46B9-9876-1EE8A19A3369}.Release|iPhoneSimulator.ActiveCfg = Release|Any CPU
		{2114293E-0AC3-46B9-9876-1EE8A19A3369}.Release|iPhoneSimulator.Build.0 = Release|Any CPU
		{25C6D617-8AA5-4EDB-8ADE-63D02D6200AA}.Ad-Hoc|Any CPU.ActiveCfg = Debug|Any CPU
		{25C6D617-8AA5-4EDB-8ADE-63D02D6200AA}.Ad-Hoc|Any CPU.Build.0 = Debug|Any CPU
		{25C6D617-8AA5-4EDB-8ADE-63D02D6200AA}.Ad-Hoc|iPhone.ActiveCfg = Debug|Any CPU
		{25C6D617-8AA5-4EDB-8ADE-63D02D6200AA}.Ad-Hoc|iPhone.Build.0 = Debug|Any CPU
		{25C6D617-8AA5-4EDB-8ADE-63D02D6200AA}.Ad-Hoc|iPhoneSimulator.ActiveCfg = Debug|Any CPU
		{25C6D617-8AA5-4EDB-8ADE-63D02D6200AA}.Ad-Hoc|iPhoneSimulator.Build.0 = Debug|Any CPU
		{25C6D617-8AA5-4EDB-8ADE-63D02D6200AA}.AppStore|Any CPU.ActiveCfg = Debug|Any CPU
		{25C6D617-8AA5-4EDB-8ADE-63D02D6200AA}.AppStore|Any CPU.Build.0 = Debug|Any CPU
		{25C6D617-8AA5-4EDB-8ADE-63D02D6200AA}.AppStore|iPhone.ActiveCfg = Debug|Any CPU
		{25C6D617-8AA5-4EDB-8ADE-63D02D6200AA}.AppStore|iPhone.Build.0 = Debug|Any CPU
		{25C6D617-8AA5-4EDB-8ADE-63D02D6200AA}.AppStore|iPhoneSimulator.ActiveCfg = Debug|Any CPU
		{25C6D617-8AA5-4EDB-8ADE-63D02D6200AA}.AppStore|iPhoneSimulator.Build.0 = Debug|Any CPU
		{25C6D617-8AA5-4EDB-8ADE-63D02D6200AA}.Debug|Any CPU.ActiveCfg = Debug|Any CPU
		{25C6D617-8AA5-4EDB-8ADE-63D02D6200AA}.Debug|Any CPU.Build.0 = Debug|Any CPU
		{25C6D617-8AA5-4EDB-8ADE-63D02D6200AA}.Debug|iPhone.ActiveCfg = Debug|Any CPU
		{25C6D617-8AA5-4EDB-8ADE-63D02D6200AA}.Debug|iPhone.Build.0 = Debug|Any CPU
		{25C6D617-8AA5-4EDB-8ADE-63D02D6200AA}.Debug|iPhoneSimulator.ActiveCfg = Debug|Any CPU
		{25C6D617-8AA5-4EDB-8ADE-63D02D6200AA}.Debug|iPhoneSimulator.Build.0 = Debug|Any CPU
		{25C6D617-8AA5-4EDB-8ADE-63D02D6200AA}.Release|Any CPU.ActiveCfg = Release|Any CPU
		{25C6D617-8AA5-4EDB-8ADE-63D02D6200AA}.Release|Any CPU.Build.0 = Release|Any CPU
		{25C6D617-8AA5-4EDB-8ADE-63D02D6200AA}.Release|iPhone.ActiveCfg = Release|Any CPU
		{25C6D617-8AA5-4EDB-8ADE-63D02D6200AA}.Release|iPhone.Build.0 = Release|Any CPU
		{25C6D617-8AA5-4EDB-8ADE-63D02D6200AA}.Release|iPhoneSimulator.ActiveCfg = Release|Any CPU
		{25C6D617-8AA5-4EDB-8ADE-63D02D6200AA}.Release|iPhoneSimulator.Build.0 = Release|Any CPU
		{820382EF-D761-477B-89AF-4B99FF701BFD}.Ad-Hoc|Any CPU.ActiveCfg = Debug|Any CPU
		{820382EF-D761-477B-89AF-4B99FF701BFD}.Ad-Hoc|Any CPU.Build.0 = Debug|Any CPU
		{820382EF-D761-477B-89AF-4B99FF701BFD}.Ad-Hoc|Any CPU.Deploy.0 = Debug|Any CPU
		{820382EF-D761-477B-89AF-4B99FF701BFD}.Ad-Hoc|iPhone.ActiveCfg = Debug|Any CPU
		{820382EF-D761-477B-89AF-4B99FF701BFD}.Ad-Hoc|iPhone.Build.0 = Debug|Any CPU
		{820382EF-D761-477B-89AF-4B99FF701BFD}.Ad-Hoc|iPhone.Deploy.0 = Debug|Any CPU
		{820382EF-D761-477B-89AF-4B99FF701BFD}.Ad-Hoc|iPhoneSimulator.ActiveCfg = Debug|Any CPU
		{820382EF-D761-477B-89AF-4B99FF701BFD}.Ad-Hoc|iPhoneSimulator.Build.0 = Debug|Any CPU
		{820382EF-D761-477B-89AF-4B99FF701BFD}.Ad-Hoc|iPhoneSimulator.Deploy.0 = Debug|Any CPU
		{820382EF-D761-477B-89AF-4B99FF701BFD}.AppStore|Any CPU.ActiveCfg = Debug|Any CPU
		{820382EF-D761-477B-89AF-4B99FF701BFD}.AppStore|Any CPU.Build.0 = Debug|Any CPU
		{820382EF-D761-477B-89AF-4B99FF701BFD}.AppStore|Any CPU.Deploy.0 = Debug|Any CPU
		{820382EF-D761-477B-89AF-4B99FF701BFD}.AppStore|iPhone.ActiveCfg = Debug|Any CPU
		{820382EF-D761-477B-89AF-4B99FF701BFD}.AppStore|iPhone.Build.0 = Debug|Any CPU
		{820382EF-D761-477B-89AF-4B99FF701BFD}.AppStore|iPhone.Deploy.0 = Debug|Any CPU
		{820382EF-D761-477B-89AF-4B99FF701BFD}.AppStore|iPhoneSimulator.ActiveCfg = Debug|Any CPU
		{820382EF-D761-477B-89AF-4B99FF701BFD}.AppStore|iPhoneSimulator.Build.0 = Debug|Any CPU
		{820382EF-D761-477B-89AF-4B99FF701BFD}.AppStore|iPhoneSimulator.Deploy.0 = Debug|Any CPU
		{820382EF-D761-477B-89AF-4B99FF701BFD}.Debug|Any CPU.ActiveCfg = Debug|Any CPU
		{820382EF-D761-477B-89AF-4B99FF701BFD}.Debug|Any CPU.Build.0 = Debug|Any CPU
		{820382EF-D761-477B-89AF-4B99FF701BFD}.Debug|Any CPU.Deploy.0 = Debug|Any CPU
		{820382EF-D761-477B-89AF-4B99FF701BFD}.Debug|iPhone.ActiveCfg = Debug|Any CPU
		{820382EF-D761-477B-89AF-4B99FF701BFD}.Debug|iPhone.Build.0 = Debug|Any CPU
		{820382EF-D761-477B-89AF-4B99FF701BFD}.Debug|iPhone.Deploy.0 = Debug|Any CPU
		{820382EF-D761-477B-89AF-4B99FF701BFD}.Debug|iPhoneSimulator.ActiveCfg = Debug|Any CPU
		{820382EF-D761-477B-89AF-4B99FF701BFD}.Debug|iPhoneSimulator.Build.0 = Debug|Any CPU
		{820382EF-D761-477B-89AF-4B99FF701BFD}.Debug|iPhoneSimulator.Deploy.0 = Debug|Any CPU
		{820382EF-D761-477B-89AF-4B99FF701BFD}.Release|Any CPU.ActiveCfg = Release|Any CPU
		{820382EF-D761-477B-89AF-4B99FF701BFD}.Release|Any CPU.Build.0 = Release|Any CPU
		{820382EF-D761-477B-89AF-4B99FF701BFD}.Release|Any CPU.Deploy.0 = Release|Any CPU
		{820382EF-D761-477B-89AF-4B99FF701BFD}.Release|iPhone.ActiveCfg = Release|Any CPU
		{820382EF-D761-477B-89AF-4B99FF701BFD}.Release|iPhone.Build.0 = Release|Any CPU
		{820382EF-D761-477B-89AF-4B99FF701BFD}.Release|iPhone.Deploy.0 = Release|Any CPU
		{820382EF-D761-477B-89AF-4B99FF701BFD}.Release|iPhoneSimulator.ActiveCfg = Release|Any CPU
		{820382EF-D761-477B-89AF-4B99FF701BFD}.Release|iPhoneSimulator.Build.0 = Release|Any CPU
		{820382EF-D761-477B-89AF-4B99FF701BFD}.Release|iPhoneSimulator.Deploy.0 = Release|Any CPU
		{8326D3DA-DC46-4706-8B2A-BCE382266750}.Ad-Hoc|Any CPU.ActiveCfg = Ad-Hoc|iPhoneSimulator
		{8326D3DA-DC46-4706-8B2A-BCE382266750}.Ad-Hoc|Any CPU.Build.0 = Ad-Hoc|iPhoneSimulator
		{8326D3DA-DC46-4706-8B2A-BCE382266750}.Ad-Hoc|iPhone.ActiveCfg = Ad-Hoc|iPhone
		{8326D3DA-DC46-4706-8B2A-BCE382266750}.Ad-Hoc|iPhone.Build.0 = Ad-Hoc|iPhone
		{8326D3DA-DC46-4706-8B2A-BCE382266750}.Ad-Hoc|iPhoneSimulator.ActiveCfg = Ad-Hoc|iPhoneSimulator
		{8326D3DA-DC46-4706-8B2A-BCE382266750}.Ad-Hoc|iPhoneSimulator.Build.0 = Ad-Hoc|iPhoneSimulator
		{8326D3DA-DC46-4706-8B2A-BCE382266750}.AppStore|Any CPU.ActiveCfg = AppStore|iPhoneSimulator
		{8326D3DA-DC46-4706-8B2A-BCE382266750}.AppStore|Any CPU.Build.0 = AppStore|iPhoneSimulator
		{8326D3DA-DC46-4706-8B2A-BCE382266750}.AppStore|iPhone.ActiveCfg = AppStore|iPhone
		{8326D3DA-DC46-4706-8B2A-BCE382266750}.AppStore|iPhone.Build.0 = AppStore|iPhone
		{8326D3DA-DC46-4706-8B2A-BCE382266750}.AppStore|iPhoneSimulator.ActiveCfg = AppStore|iPhoneSimulator
		{8326D3DA-DC46-4706-8B2A-BCE382266750}.AppStore|iPhoneSimulator.Build.0 = AppStore|iPhoneSimulator
		{8326D3DA-DC46-4706-8B2A-BCE382266750}.Debug|Any CPU.ActiveCfg = Debug|iPhoneSimulator
		{8326D3DA-DC46-4706-8B2A-BCE382266750}.Debug|Any CPU.Build.0 = Debug|iPhoneSimulator
		{8326D3DA-DC46-4706-8B2A-BCE382266750}.Debug|iPhone.ActiveCfg = Debug|iPhone
		{8326D3DA-DC46-4706-8B2A-BCE382266750}.Debug|iPhone.Build.0 = Debug|iPhone
		{8326D3DA-DC46-4706-8B2A-BCE382266750}.Debug|iPhoneSimulator.ActiveCfg = Debug|iPhoneSimulator
		{8326D3DA-DC46-4706-8B2A-BCE382266750}.Debug|iPhoneSimulator.Build.0 = Debug|iPhoneSimulator
		{8326D3DA-DC46-4706-8B2A-BCE382266750}.Release|Any CPU.ActiveCfg = Release|iPhoneSimulator
		{8326D3DA-DC46-4706-8B2A-BCE382266750}.Release|Any CPU.Build.0 = Release|iPhoneSimulator
		{8326D3DA-DC46-4706-8B2A-BCE382266750}.Release|iPhone.ActiveCfg = Release|iPhone
		{8326D3DA-DC46-4706-8B2A-BCE382266750}.Release|iPhone.Build.0 = Release|iPhone
		{8326D3DA-DC46-4706-8B2A-BCE382266750}.Release|iPhoneSimulator.ActiveCfg = Release|iPhoneSimulator
		{8326D3DA-DC46-4706-8B2A-BCE382266750}.Release|iPhoneSimulator.Build.0 = Release|iPhoneSimulator
	EndGlobalSection
	GlobalSection(SolutionProperties) = preSolution
		HideSolutionNode = FALSE
	EndGlobalSection
	GlobalSection(ExtensibilityGlobals) = postSolution
		SolutionGuid = {213B3BFB-58C0-4C01-A0BA-638E03AC4B9D}
	EndGlobalSection
EndGlobal
